// !$*UTF8*$!
{
	archiveVersion = 1;
	classes = {
	};
	objectVersion = 46;
	objects = {

/* Begin PBXBuildFile section */
		6B29D7F61BC3F7AA00BAD0B6 /* cart.cpp in Sources */ = {isa = PBXBuildFile; fileRef = 6B29D7F51BC3F7AA00BAD0B6 /* cart.cpp */; };
		6B29D7F81BC4198A00BAD0B6 /* greenbusket.cpp in Sources */ = {isa = PBXBuildFile; fileRef = 6B29D7F71BC4198A00BAD0B6 /* greenbusket.cpp */; };
		6B82518B1BC2AB2E00F70104 /* kidsbedsmall.cpp in Sources */ = {isa = PBXBuildFile; fileRef = 6B82518A1BC2AB2E00F70104 /* kidsbedsmall.cpp */; };
		6B82518E1BC2AD5A00F70104 /* shelf.cpp in Sources */ = {isa = PBXBuildFile; fileRef = 6B82518C1BC2AD5A00F70104 /* shelf.cpp */; };
		6B8251931BC3049900F70104 /* largebed.cpp in Sources */ = {isa = PBXBuildFile; fileRef = 6B82518F1BC2DC7000F70104 /* largebed.cpp */; };
		6B8251961BC39FAC00F70104 /* horse.cpp in Sources */ = {isa = PBXBuildFile; fileRef = 6B8251941BC39FAC00F70104 /* horse.cpp */; };
		6BD9C11F1BC4C49F00DFDF52 /* walls.cpp in Sources */ = {isa = PBXBuildFile; fileRef = 6BD9C11E1BC4C49F00DFDF52 /* walls.cpp */; };
		6BEB3CE51BA028BF0068E3B3 /* main.cpp in Sources */ = {isa = PBXBuildFile; fileRef = 6BEB3CE41BA028BF0068E3B3 /* main.cpp */; };
		6BEB3CEC1BA028CD0068E3B3 /* OpenGL.framework in Frameworks */ = {isa = PBXBuildFile; fileRef = 6BEB3CEB1BA028CD0068E3B3 /* OpenGL.framework */; };
		6BEB3CEE1BA028D30068E3B3 /* GLUT.framework in Frameworks */ = {isa = PBXBuildFile; fileRef = 6BEB3CED1BA028D30068E3B3 /* GLUT.framework */; };
/* End PBXBuildFile section */

/* Begin PBXCopyFilesBuildPhase section */
		6BEB3CDF1BA028BF0068E3B3 /* CopyFiles */ = {
			isa = PBXCopyFilesBuildPhase;
			buildActionMask = 2147483647;
			dstPath = /usr/share/man/man1/;
			dstSubfolderSpec = 0;
			files = (
			);
			runOnlyForDeploymentPostprocessing = 1;
		};
/* End PBXCopyFilesBuildPhase section */

/* Begin PBXFileReference section */
		6B29D7F51BC3F7AA00BAD0B6 /* cart.cpp */ = {isa = PBXFileReference; fileEncoding = 4; lastKnownFileType = sourcecode.cpp.cpp; path = cart.cpp; sourceTree = "<group>"; };
		6B29D7F71BC4198A00BAD0B6 /* greenbusket.cpp */ = {isa = PBXFileReference; fileEncoding = 4; lastKnownFileType = sourcecode.cpp.cpp; path = greenbusket.cpp; sourceTree = "<group>"; };
		6B82518A1BC2AB2E00F70104 /* kidsbedsmall.cpp */ = {isa = PBXFileReference; fileEncoding = 4; lastKnownFileType = sourcecode.cpp.cpp; path = kidsbedsmall.cpp; sourceTree = "<group>"; };
		6B82518C1BC2AD5A00F70104 /* shelf.cpp */ = {isa = PBXFileReference; fileEncoding = 4; lastKnownFileType = sourcecode.cpp.cpp; path = shelf.cpp; sourceTree = "<group>"; };
		6B82518F1BC2DC7000F70104 /* largebed.cpp */ = {isa = PBXFileReference; fileEncoding = 4; lastKnownFileType = sourcecode.cpp.cpp; path = largebed.cpp; sourceTree = "<group>"; };
		6B8251921BC2DDE800F70104 /* Header.h */ = {isa = PBXFileReference; lastKnownFileType = sourcecode.c.h; path = Header.h; sourceTree = "<group>"; };
		6B8251941BC39FAC00F70104 /* horse.cpp */ = {isa = PBXFileReference; fileEncoding = 4; lastKnownFileType = sourcecode.cpp.cpp; path = horse.cpp; sourceTree = "<group>"; };
		6BD9C11E1BC4C49F00DFDF52 /* walls.cpp */ = {isa = PBXFileReference; fileEncoding = 4; lastKnownFileType = sourcecode.cpp.cpp; path = walls.cpp; sourceTree = "<group>"; };
		6BEB3CE11BA028BF0068E3B3 /* KidsRoom */ = {isa = PBXFileReference; explicitFileType = "compiled.mach-o.executable"; includeInIndex = 0; path = KidsRoom; sourceTree = BUILT_PRODUCTS_DIR; };
		6BEB3CE41BA028BF0068E3B3 /* main.cpp */ = {isa = PBXFileReference; lastKnownFileType = sourcecode.cpp.cpp; path = main.cpp; sourceTree = "<group>"; };
		6BEB3CEB1BA028CD0068E3B3 /* OpenGL.framework */ = {isa = PBXFileReference; lastKnownFileType = wrapper.framework; name = OpenGL.framework; path = System/Library/Frameworks/OpenGL.framework; sourceTree = SDKROOT; };
		6BEB3CED1BA028D30068E3B3 /* GLUT.framework */ = {isa = PBXFileReference; lastKnownFileType = wrapper.framework; name = GLUT.framework; path = System/Library/Frameworks/GLUT.framework; sourceTree = SDKROOT; };
/* End PBXFileReference section */

/* Begin PBXFrameworksBuildPhase section */
		6BEB3CDE1BA028BF0068E3B3 /* Frameworks */ = {
			isa = PBXFrameworksBuildPhase;
			buildActionMask = 2147483647;
			files = (
				6BEB3CEE1BA028D30068E3B3 /* GLUT.framework in Frameworks */,
				6BEB3CEC1BA028CD0068E3B3 /* OpenGL.framework in Frameworks */,
			);
			runOnlyForDeploymentPostprocessing = 0;
		};
/* End PBXFrameworksBuildPhase section */

/* Begin PBXGroup section */
		6BEB3CD81BA028BF0068E3B3 = {
			isa = PBXGroup;
			children = (
				6BEB3CED1BA028D30068E3B3 /* GLUT.framework */,
				6BEB3CEB1BA028CD0068E3B3 /* OpenGL.framework */,
				6BEB3CE31BA028BF0068E3B3 /* src */,
				6BEB3CE21BA028BF0068E3B3 /* Products */,
			);
			sourceTree = "<group>";
		};
		6BEB3CE21BA028BF0068E3B3 /* Products */ = {
			isa = PBXGroup;
			children = (
				6BEB3CE11BA028BF0068E3B3 /* KidsRoom */,
			);
			name = Products;
			sourceTree = "<group>";
		};
		6BEB3CE31BA028BF0068E3B3 /* src */ = {
			isa = PBXGroup;
			children = (
				6BEB3CE41BA028BF0068E3B3 /* main.cpp */,
				6B82518A1BC2AB2E00F70104 /* kidsbedsmall.cpp */,
				6B82518C1BC2AD5A00F70104 /* shelf.cpp */,
				6B82518F1BC2DC7000F70104 /* largebed.cpp */,
				6B8251921BC2DDE800F70104 /* Header.h */,
				6B8251941BC39FAC00F70104 /* horse.cpp */,
				6B29D7F51BC3F7AA00BAD0B6 /* cart.cpp */,
				6B29D7F71BC4198A00BAD0B6 /* greenbusket.cpp */,
				6BD9C11E1BC4C49F00DFDF52 /* walls.cpp */,
			);
			path = src;
			sourceTree = "<group>";
		};
/* End PBXGroup section */

/* Begin PBXNativeTarget section */
		6BEB3CE01BA028BF0068E3B3 /* KidsRoom */ = {
			isa = PBXNativeTarget;
			buildConfigurationList = 6BEB3CE81BA028BF0068E3B3 /* Build configuration list for PBXNativeTarget "KidsRoom" */;
			buildPhases = (
				6BEB3CDD1BA028BF0068E3B3 /* Sources */,
				6BEB3CDE1BA028BF0068E3B3 /* Frameworks */,
				6BEB3CDF1BA028BF0068E3B3 /* CopyFiles */,
			);
			buildRules = (
			);
			dependencies = (
			);
			name = KidsRoom;
			productName = Offline1;
			productReference = 6BEB3CE11BA028BF0068E3B3 /* KidsRoom */;
			productType = "com.apple.product-type.tool";
		};
/* End PBXNativeTarget section */

/* Begin PBXProject section */
		6BEB3CD91BA028BF0068E3B3 /* Project object */ = {
			isa = PBXProject;
			attributes = {
				LastUpgradeCheck = 0610;
				ORGANIZATIONNAME = Holo;
				TargetAttributes = {
					6BEB3CE01BA028BF0068E3B3 = {
						CreatedOnToolsVersion = 6.1;
					};
				};
			};
			buildConfigurationList = 6BEB3CDC1BA028BF0068E3B3 /* Build configuration list for PBXProject "KidsRoom" */;
			compatibilityVersion = "Xcode 3.2";
			developmentRegion = English;
			hasScannedForEncodings = 0;
			knownRegions = (
				en,
			);
			mainGroup = 6BEB3CD81BA028BF0068E3B3;
			productRefGroup = 6BEB3CE21BA028BF0068E3B3 /* Products */;
			projectDirPath = "";
			projectRoot = "";
			targets = (
				6BEB3CE01BA028BF0068E3B3 /* KidsRoom */,
			);
		};
/* End PBXProject section */

/* Begin PBXSourcesBuildPhase section */
		6BEB3CDD1BA028BF0068E3B3 /* Sources */ = {
			isa = PBXSourcesBuildPhase;
			buildActionMask = 2147483647;
			files = (
				6B8251961BC39FAC00F70104 /* horse.cpp in Sources */,
				6B82518B1BC2AB2E00F70104 /* kidsbedsmall.cpp in Sources */,
				6B82518E1BC2AD5A00F70104 /* shelf.cpp in Sources */,
				6BEB3CE51BA028BF0068E3B3 /* main.cpp in Sources */,
				6B8251931BC3049900F70104 /* largebed.cpp in Sources */,
				6BD9C11F1BC4C49F00DFDF52 /* walls.cpp in Sources */,
				6B29D7F81BC4198A00BAD0B6 /* greenbusket.cpp in Sources */,
				6B29D7F61BC3F7AA00BAD0B6 /* cart.cpp in Sources */,
			);
			runOnlyForDeploymentPostprocessing = 0;
		};
/* End PBXSourcesBuildPhase section */

/* Begin XCBuildConfiguration section */
		6BEB3CE61BA028BF0068E3B3 /* Debug */ = {
			isa = XCBuildConfiguration;
			buildSettings = {
				ALWAYS_SEARCH_USER_PATHS = NO;
				CLANG_CXX_LANGUAGE_STANDARD = "gnu++0x";
				CLANG_CXX_LIBRARY = "libc++";
				CLANG_ENABLE_MODULES = YES;
				CLANG_ENABLE_OBJC_ARC = YES;
				CLANG_WARN_BOOL_CONVERSION = YES;
				CLANG_WARN_CONSTANT_CONVERSION = YES;
				CLANG_WARN_DIRECT_OBJC_ISA_USAGE = YES_ERROR;
				CLANG_WARN_EMPTY_BODY = YES;
				CLANG_WARN_ENUM_CONVERSION = YES;
				CLANG_WARN_INT_CONVERSION = YES;
				CLANG_WARN_OBJC_ROOT_CLASS = YES_ERROR;
				CLANG_WARN_UNREACHABLE_CODE = YES;
				CLANG_WARN__DUPLICATE_METHOD_MATCH = YES;
				COPY_PHASE_STRIP = NO;
				ENABLE_STRICT_OBJC_MSGSEND = YES;
				GCC_C_LANGUAGE_STANDARD = gnu99;
				GCC_DYNAMIC_NO_PIC = NO;
				GCC_OPTIMIZATION_LEVEL = 0;
				GCC_PREPROCESSOR_DEFINITIONS = (
					"DEBUG=1",
					"$(inherited)",
				);
				GCC_SYMBOLS_PRIVATE_EXTERN = NO;
				GCC_WARN_64_TO_32_BIT_CONVERSION = YES;
				GCC_WARN_ABOUT_RETURN_TYPE = YES_ERROR;
				GCC_WARN_UNDECLARED_SELECTOR = YES;
				GCC_WARN_UNINITIALIZED_AUTOS = YES_AGGRESSIVE;
				GCC_WARN_UNUSED_FUNCTION = YES;
				GCC_WARN_UNUSED_VARIABLE = YES;
				MACOSX_DEPLOYMENT_TARGET = 10.8;
				MTL_ENABLE_DEBUG_INFO = YES;
				ONLY_ACTIVE_ARCH = YES;
				SDKROOT = macosx;
			};
			name = Debug;
		};
		6BEB3CE71BA028BF0068E3B3 /* Release */ = {
			isa = XCBuildConfiguration;
			buildSettings = {
				ALWAYS_SEARCH_USER_PATHS = NO;
				CLANG_CXX_LANGUAGE_STANDARD = "gnu++0x";
				CLANG_CXX_LIBRARY = "libc++";
				CLANG_ENABLE_MODULES = YES;
				CLANG_ENABLE_OBJC_ARC = YES;
				CLANG_WARN_BOOL_CONVERSION = YES;
				CLANG_WARN_CONSTANT_CONVERSION = YES;
				CLANG_WARN_DIRECT_OBJC_ISA_USAGE = YES_ERROR;
				CLANG_WARN_EMPTY_BODY = YES;
				CLANG_WARN_ENUM_CONVERSION = YES;
				CLANG_WARN_INT_CONVERSION = YES;
				CLANG_WARN_OBJC_ROOT_CLASS = YES_ERROR;
				CLANG_WARN_UNREACHABLE_CODE = YES;
				CLANG_WARN__DUPLICATE_METHOD_MATCH = YES;
				COPY_PHASE_STRIP = YES;
				DEBUG_INFORMATION_FORMAT = "dwarf-with-dsym";
				ENABLE_NS_ASSERTIONS = NO;
				ENABLE_STRICT_OBJC_MSGSEND = YES;
				GCC_C_LANGUAGE_STANDARD = gnu99;
				GCC_WARN_64_TO_32_BIT_CONVERSION = YES;
				GCC_WARN_ABOUT_RETURN_TYPE = YES_ERROR;
				GCC_WARN_UNDECLARED_SELECTOR = YES;
				GCC_WARN_UNINITIALIZED_AUTOS = YES_AGGRESSIVE;
				GCC_WARN_UNUSED_FUNCTION = YES;
				GCC_WARN_UNUSED_VARIABLE = YES;
				MACOSX_DEPLOYMENT_TARGET = 10.8;
				MTL_ENABLE_DEBUG_INFO = NO;
				SDKROOT = macosx;
			};
			name = Release;
		};
		6BEB3CE91BA028BF0068E3B3 /* Debug */ = {
			isa = XCBuildConfiguration;
			buildSettings = {
				PRODUCT_NAME = "$(TARGET_NAME)";
			};
			name = Debug;
		};
		6BEB3CEA1BA028BF0068E3B3 /* Release */ = {
			isa = XCBuildConfiguration;
			buildSettings = {
				PRODUCT_NAME = "$(TARGET_NAME)";
			};
			name = Release;
		};
/* End XCBuildConfiguration section */

/* Begin XCConfigurationList section */
		6BEB3CDC1BA028BF0068E3B3 /* Build configuration list for PBXProject "KidsRoom" */ = {
			isa = XCConfigurationList;
			buildConfigurations = (
				6BEB3CE61BA028BF0068E3B3 /* Debug */,
				6BEB3CE71BA028BF0068E3B3 /* Release */,
			);
			defaultConfigurationIsVisible = 0;
			defaultConfigurationName = Release;
		};
		6BEB3CE81BA028BF0068E3B3 /* Build configuration list for PBXNativeTarget "KidsRoom" */ = {
			isa = XCConfigurationList;
			buildConfigurations = (
				6BEB3CE91BA028BF0068E3B3 /* Debug */,
				6BEB3CEA1BA028BF0068E3B3 /* Release */,
			);
			defaultConfigurationIsVisible = 0;
			defaultConfigurationName = Release;
		};
/* End XCConfigurationList section */
	};
	rootObject = 6BEB3CD91BA028BF0068E3B3 /* Project object */;
}
